
Microsoft Visual Studio Solution File, Format Version 12.00
# Visual Studio Version 16
Project("{8BC9CEB8-8B4A-11D0-8D11-00A0C91BC942}") = "ALL_BUILD", "ALL_BUILD.vcxproj", "{594638BA-0935-3D98-8B6E-597CCA7ABE14}"
	ProjectSection(ProjectDependencies) = postProject
		{7C3A560A-6893-3A1C-B182-9B48EEE874B8} = {7C3A560A-6893-3A1C-B182-9B48EEE874B8}
		{BB81845B-75F8-30C5-AC89-A074DF4722EC} = {BB81845B-75F8-30C5-AC89-A074DF4722EC}
	EndProjectSection
EndProject
Project("{8BC9CEB8-8B4A-11D0-8D11-00A0C91BC942}") = "ZERO_CHECK", "ZERO_CHECK.vcxproj", "{7C3A560A-6893-3A1C-B182-9B48EEE874B8}"
	ProjectSection(ProjectDependencies) = postProject
	EndProjectSection
EndProject
Project("{8BC9CEB8-8B4A-11D0-8D11-00A0C91BC942}") = "test", "test.vcxproj", "{BB81845B-75F8-30C5-AC89-A074DF4722EC}"
	ProjectSection(ProjectDependencies) = postProject
		{7C3A560A-6893-3A1C-B182-9B48EEE874B8} = {7C3A560A-6893-3A1C-B182-9B48EEE874B8}
	EndProjectSection
EndProject
Global
	GlobalSection(SolutionConfigurationPlatforms) = preSolution
		Debug|x64 = Debug|x64
		Release|x64 = Release|x64
		MinSizeRel|x64 = MinSizeRel|x64
		RelWithDebInfo|x64 = RelWithDebInfo|x64
	EndGlobalSection
	GlobalSection(ProjectConfigurationPlatforms) = postSolution
		{594638BA-0935-3D98-8B6E-597CCA7ABE14}.Debug|x64.ActiveCfg = Debug|x64
		{594638BA-0935-3D98-8B6E-597CCA7ABE14}.Release|x64.ActiveCfg = Release|x64
		{594638BA-0935-3D98-8B6E-597CCA7ABE14}.MinSizeRel|x64.ActiveCfg = MinSizeRel|x64
		{594638BA-0935-3D98-8B6E-597CCA7ABE14}.RelWithDebInfo|x64.ActiveCfg = RelWithDebInfo|x64
		{7C3A560A-6893-3A1C-B182-9B48EEE874B8}.Debug|x64.ActiveCfg = Debug|x64
		{7C3A560A-6893-3A1C-B182-9B48EEE874B8}.Debug|x64.Build.0 = Debug|x64
		{7C3A560A-6893-3A1C-B182-9B48EEE874B8}.Release|x64.ActiveCfg = Release|x64
		{7C3A560A-6893-3A1C-B182-9B48EEE874B8}.Release|x64.Build.0 = Release|x64
		{7C3A560A-6893-3A1C-B182-9B48EEE874B8}.MinSizeRel|x64.ActiveCfg = MinSizeRel|x64
		{7C3A560A-6893-3A1C-B182-9B48EEE874B8}.MinSizeRel|x64.Build.0 = MinSizeRel|x64
		{7C3A560A-6893-3A1C-B182-9B48EEE874B8}.RelWithDebInfo|x64.ActiveCfg = RelWithDebInfo|x64
		{7C3A560A-6893-3A1C-B182-9B48EEE874B8}.RelWithDebInfo|x64.Build.0 = RelWithDebInfo|x64
		{BB81845B-75F8-30C5-AC89-A074DF4722EC}.Debug|x64.ActiveCfg = Debug|x64
		{BB81845B-75F8-30C5-AC89-A074DF4722EC}.Debug|x64.Build.0 = Debug|x64
		{BB81845B-75F8-30C5-AC89-A074DF4722EC}.Release|x64.ActiveCfg = Release|x64
		{BB81845B-75F8-30C5-AC89-A074DF4722EC}.Release|x64.Build.0 = Release|x64
		{BB81845B-75F8-30C5-AC89-A074DF4722EC}.MinSizeRel|x64.ActiveCfg = MinSizeRel|x64
		{BB81845B-75F8-30C5-AC89-A074DF4722EC}.MinSizeRel|x64.Build.0 = MinSizeRel|x64
		{BB81845B-75F8-30C5-AC89-A074DF4722EC}.RelWithDebInfo|x64.ActiveCfg = RelWithDebInfo|x64
		{BB81845B-75F8-30C5-AC89-A074DF4722EC}.RelWithDebInfo|x64.Build.0 = RelWithDebInfo|x64
	EndGlobalSection
	GlobalSection(ExtensibilityGlobals) = postSolution
		SolutionGuid = {A2EB3BAB-3A91-3142-A656-BC70DBB05826}
	EndGlobalSection
	GlobalSection(ExtensibilityAddIns) = postSolution
	EndGlobalSection
EndGlobal
